// !$*UTF8*$!
{
	archiveVersion = 1;
	classes = {
	};
	objectVersion = 56;
	objects = {

/* Begin PBXBuildFile section */
		AB0A8DA429374E4900D62489 /* RBTFInsightsBarcodeView.swift in Sources */ = {isa = PBXBuildFile; fileRef = AB0A8DA329374E4900D62489 /* RBTFInsightsBarcodeView.swift */; };
		AB0A8DA629379E7E00D62489 /* RBTFDecodingTests.swift in Sources */ = {isa = PBXBuildFile; fileRef = AB0A8DA529379E7E00D62489 /* RBTFDecodingTests.swift */; };
		AB1D6BF329434C6E00D36A78 /* RBTFImagesView.swift in Sources */ = {isa = PBXBuildFile; fileRef = AB1D6BF229434C6E00D36A78 /* RBTFImagesView.swift */; };
		AB1D6BF529434D1900D36A78 /* RBTFLogosView.swift in Sources */ = {isa = PBXBuildFile; fileRef = AB1D6BF429434D1900D36A78 /* RBTFLogosView.swift */; };
		AB1D6BF729434D8200D36A78 /* RBTFLogos.swift in Sources */ = {isa = PBXBuildFile; fileRef = AB1D6BF629434D8200D36A78 /* RBTFLogos.swift */; };
		AB1D6BF929435E5B00D36A78 /* RBTFURLLogosTests.swift in Sources */ = {isa = PBXBuildFile; fileRef = AB1D6BF829435E5B00D36A78 /* RBTFURLLogosTests.swift */; };
		AB1D6BFB2943626800D36A78 /* RBTFLogosFetchView.swift in Sources */ = {isa = PBXBuildFile; fileRef = AB1D6BFA2943626800D36A78 /* RBTFLogosFetchView.swift */; };
		AB43116D292A7F0600FE21BC /* OFFRobotoffAPIsApp.swift in Sources */ = {isa = PBXBuildFile; fileRef = AB43116C292A7F0600FE21BC /* OFFRobotoffAPIsApp.swift */; };
		AB43116F292A7F0600FE21BC /* RBTFView.swift in Sources */ = {isa = PBXBuildFile; fileRef = AB43116E292A7F0600FE21BC /* RBTFView.swift */; };
		AB431171292A7F0800FE21BC /* Assets.xcassets in Resources */ = {isa = PBXBuildFile; fileRef = AB431170292A7F0800FE21BC /* Assets.xcassets */; };
		AB431174292A7F0800FE21BC /* Preview Assets.xcassets in Resources */ = {isa = PBXBuildFile; fileRef = AB431173292A7F0800FE21BC /* Preview Assets.xcassets */; };
		AB431180292A7F4500FE21BC /* AuthController.swift in Sources */ = {isa = PBXBuildFile; fileRef = AB43117A292A7F4400FE21BC /* AuthController.swift */; };
		AB431181292A7F4500FE21BC /* Decoding.swift in Sources */ = {isa = PBXBuildFile; fileRef = AB43117B292A7F4400FE21BC /* Decoding.swift */; };
		AB431182292A7F4500FE21BC /* OFFProductType.swift in Sources */ = {isa = PBXBuildFile; fileRef = AB43117C292A7F4500FE21BC /* OFFProductType.swift */; };
		AB431183292A7F4500FE21BC /* OFFAdditions.swift in Sources */ = {isa = PBXBuildFile; fileRef = AB43117D292A7F4500FE21BC /* OFFAdditions.swift */; };
		AB431184292A7F4500FE21BC /* HTTPLibrary.swift in Sources */ = {isa = PBXBuildFile; fileRef = AB43117E292A7F4500FE21BC /* HTTPLibrary.swift */; };
		AB431185292A7F4500FE21BC /* RBTF.swift in Sources */ = {isa = PBXBuildFile; fileRef = AB43117F292A7F4500FE21BC /* RBTF.swift */; };
		AB43118A292A7FBB00FE21BC /* RBTFQuestions.swift in Sources */ = {isa = PBXBuildFile; fileRef = AB431189292A7FBB00FE21BC /* RBTFQuestions.swift */; };
		AB43118C292BB3FC00FE21BC /* README.md in Resources */ = {isa = PBXBuildFile; fileRef = AB43118B292BB3FC00FE21BC /* README.md */; };
		AB43118E292BBC7700FE21BC /* RBTFQuestionsForProductView.swift in Sources */ = {isa = PBXBuildFile; fileRef = AB43118D292BBC7700FE21BC /* RBTFQuestionsForProductView.swift */; };
		AB431191292BBCEF00FE21BC /* Collections in Frameworks */ = {isa = PBXBuildFile; productRef = AB431190292BBCEF00FE21BC /* Collections */; };
		AB47A7A7294B44BD00867C33 /* RBTFPredictView.swift in Sources */ = {isa = PBXBuildFile; fileRef = AB47A7A6294B44BD00867C33 /* RBTFPredictView.swift */; };
		AB50EDC9294C84C6006A9150 /* RBTFInsightsAnnotateView.swift in Sources */ = {isa = PBXBuildFile; fileRef = AB50EDC8294C84C6006A9150 /* RBTFInsightsAnnotateView.swift */; };
		AB51F5862934B2BB0040BA82 /* RBTFQuestionsView.swift in Sources */ = {isa = PBXBuildFile; fileRef = AB51F5852934B2BB0040BA82 /* RBTFQuestionsView.swift */; };
		AB51F5882934B33D0040BA82 /* RBTFInsightsView.swift in Sources */ = {isa = PBXBuildFile; fileRef = AB51F5872934B33D0040BA82 /* RBTFInsightsView.swift */; };
		AB51F58C2934B3A30040BA82 /* RBTFInsightsRandomView.swift in Sources */ = {isa = PBXBuildFile; fileRef = AB51F58B2934B3A30040BA82 /* RBTFInsightsRandomView.swift */; };
		AB51F58E2934B5650040BA82 /* RBTFInsights.swift in Sources */ = {isa = PBXBuildFile; fileRef = AB51F58D2934B5650040BA82 /* RBTFInsights.swift */; };
		AB726559294740000032806D /* RBTFLogosSearchView.swift in Sources */ = {isa = PBXBuildFile; fileRef = AB726558294740000032806D /* RBTFLogosSearchView.swift */; };
		AB7D8E3A294B7917002A6D8B /* RBTFURLPredictTests.swift in Sources */ = {isa = PBXBuildFile; fileRef = AB7D8E39294B7917002A6D8B /* RBTFURLPredictTests.swift */; };
		AB7F49102930C3E50021D14F /* RBTFQuestionsPopularView.swift in Sources */ = {isa = PBXBuildFile; fileRef = AB7F490F2930C3E50021D14F /* RBTFQuestionsPopularView.swift */; };
		AB7F49142930C7680021D14F /* RBTFUnansweredQuestionsCount.swift in Sources */ = {isa = PBXBuildFile; fileRef = AB7F49132930C7680021D14F /* RBTFUnansweredQuestionsCount.swift */; };
		AB7F49182930CAA20021D14F /* RBTFUnansweredQuestionsCountView.swift in Sources */ = {isa = PBXBuildFile; fileRef = AB7F49172930CAA20021D14F /* RBTFUnansweredQuestionsCountView.swift */; };
		ABA0CD68293F489400573601 /* RBTFInsightsDetailView.swift in Sources */ = {isa = PBXBuildFile; fileRef = ABA0CD67293F489400573601 /* RBTFInsightsDetailView.swift */; };
		ABADF963294A3649000D3986 /* RBTFPredict.swift in Sources */ = {isa = PBXBuildFile; fileRef = ABADF962294A3649000D3986 /* RBTFPredict.swift */; };
		ABAF496E2951C297002A8EF8 /* RBTFInsightsExtensions.swift in Sources */ = {isa = PBXBuildFile; fileRef = ABAF496D2951C297002A8EF8 /* RBTFInsightsExtensions.swift */; };
		ABAF49702951C2BA002A8EF8 /* RBTFQuestionsExtensions.swift in Sources */ = {isa = PBXBuildFile; fileRef = ABAF496F2951C2BA002A8EF8 /* RBTFQuestionsExtensions.swift */; };
		ABDEFD8529324D05000F826A /* RBTFExtension.swift in Sources */ = {isa = PBXBuildFile; fileRef = ABDEFD8429324D05000F826A /* RBTFExtension.swift */; };
		ABEDA127292BCB270033193B /* InputView.swift in Sources */ = {isa = PBXBuildFile; fileRef = ABEDA123292BCB270033193B /* InputView.swift */; };
		ABEDA128292BCB270033193B /* DictView.swift in Sources */ = {isa = PBXBuildFile; fileRef = ABEDA124292BCB270033193B /* DictView.swift */; };
		ABEDA129292BCB270033193B /* ListView.swift in Sources */ = {isa = PBXBuildFile; fileRef = ABEDA125292BCB270033193B /* ListView.swift */; };
		ABEDA12A292BCB270033193B /* DictElementView.swift in Sources */ = {isa = PBXBuildFile; fileRef = ABEDA126292BCB270033193B /* DictElementView.swift */; };
		ABEDA13C292BD3070033193B /* RBTFURLQuestionsTests.swift in Sources */ = {isa = PBXBuildFile; fileRef = ABEDA12C292BD1A80033193B /* RBTFURLQuestionsTests.swift */; };
		ABEDA13E292BDFDE0033193B /* RBTFURLInsightsTests.swift in Sources */ = {isa = PBXBuildFile; fileRef = ABEDA13D292BDFDE0033193B /* RBTFURLInsightsTests.swift */; };
		ABEDA141292BE25C0033193B /* RBTFQuestionsRandomView.swift in Sources */ = {isa = PBXBuildFile; fileRef = ABEDA13F292BE17A0033193B /* RBTFQuestionsRandomView.swift */; };
/* End PBXBuildFile section */

/* Begin PBXContainerItemProxy section */
		ABEDA137292BD2FA0033193B /* PBXContainerItemProxy */ = {
			isa = PBXContainerItemProxy;
			containerPortal = AB431161292A7F0600FE21BC /* Project object */;
			proxyType = 1;
			remoteGlobalIDString = AB431168292A7F0600FE21BC;
			remoteInfo = OFFRobotoffAPIs;
		};
/* End PBXContainerItemProxy section */

/* Begin PBXFileReference section */
		AB0A8DA329374E4900D62489 /* RBTFInsightsBarcodeView.swift */ = {isa = PBXFileReference; lastKnownFileType = sourcecode.swift; path = RBTFInsightsBarcodeView.swift; sourceTree = "<group>"; };
		AB0A8DA529379E7E00D62489 /* RBTFDecodingTests.swift */ = {isa = PBXFileReference; lastKnownFileType = sourcecode.swift; path = RBTFDecodingTests.swift; sourceTree = "<group>"; };
		AB1D6BF229434C6E00D36A78 /* RBTFImagesView.swift */ = {isa = PBXFileReference; lastKnownFileType = sourcecode.swift; path = RBTFImagesView.swift; sourceTree = "<group>"; };
		AB1D6BF429434D1900D36A78 /* RBTFLogosView.swift */ = {isa = PBXFileReference; lastKnownFileType = sourcecode.swift; path = RBTFLogosView.swift; sourceTree = "<group>"; };
		AB1D6BF629434D8200D36A78 /* RBTFLogos.swift */ = {isa = PBXFileReference; lastKnownFileType = sourcecode.swift; path = RBTFLogos.swift; sourceTree = "<group>"; };
		AB1D6BF829435E5B00D36A78 /* RBTFURLLogosTests.swift */ = {isa = PBXFileReference; lastKnownFileType = sourcecode.swift; path = RBTFURLLogosTests.swift; sourceTree = "<group>"; };
		AB1D6BFA2943626800D36A78 /* RBTFLogosFetchView.swift */ = {isa = PBXFileReference; lastKnownFileType = sourcecode.swift; path = RBTFLogosFetchView.swift; sourceTree = "<group>"; };
		AB431169292A7F0600FE21BC /* OFFRobotoffAPIs.app */ = {isa = PBXFileReference; explicitFileType = wrapper.application; includeInIndex = 0; path = OFFRobotoffAPIs.app; sourceTree = BUILT_PRODUCTS_DIR; };
		AB43116C292A7F0600FE21BC /* OFFRobotoffAPIsApp.swift */ = {isa = PBXFileReference; lastKnownFileType = sourcecode.swift; path = OFFRobotoffAPIsApp.swift; sourceTree = "<group>"; };
		AB43116E292A7F0600FE21BC /* RBTFView.swift */ = {isa = PBXFileReference; lastKnownFileType = sourcecode.swift; path = RBTFView.swift; sourceTree = "<group>"; };
		AB431170292A7F0800FE21BC /* Assets.xcassets */ = {isa = PBXFileReference; lastKnownFileType = folder.assetcatalog; path = Assets.xcassets; sourceTree = "<group>"; };
		AB431173292A7F0800FE21BC /* Preview Assets.xcassets */ = {isa = PBXFileReference; lastKnownFileType = folder.assetcatalog; path = "Preview Assets.xcassets"; sourceTree = "<group>"; };
		AB43117A292A7F4400FE21BC /* AuthController.swift */ = {isa = PBXFileReference; fileEncoding = 4; lastKnownFileType = sourcecode.swift; path = AuthController.swift; sourceTree = "<group>"; };
		AB43117B292A7F4400FE21BC /* Decoding.swift */ = {isa = PBXFileReference; fileEncoding = 4; lastKnownFileType = sourcecode.swift; path = Decoding.swift; sourceTree = "<group>"; };
		AB43117C292A7F4500FE21BC /* OFFProductType.swift */ = {isa = PBXFileReference; fileEncoding = 4; lastKnownFileType = sourcecode.swift; path = OFFProductType.swift; sourceTree = "<group>"; };
		AB43117D292A7F4500FE21BC /* OFFAdditions.swift */ = {isa = PBXFileReference; fileEncoding = 4; lastKnownFileType = sourcecode.swift; path = OFFAdditions.swift; sourceTree = "<group>"; };
		AB43117E292A7F4500FE21BC /* HTTPLibrary.swift */ = {isa = PBXFileReference; fileEncoding = 4; lastKnownFileType = sourcecode.swift; path = HTTPLibrary.swift; sourceTree = "<group>"; };
		AB43117F292A7F4500FE21BC /* RBTF.swift */ = {isa = PBXFileReference; fileEncoding = 4; lastKnownFileType = sourcecode.swift; path = RBTF.swift; sourceTree = "<group>"; };
		AB431189292A7FBB00FE21BC /* RBTFQuestions.swift */ = {isa = PBXFileReference; fileEncoding = 4; lastKnownFileType = sourcecode.swift; path = RBTFQuestions.swift; sourceTree = "<group>"; };
		AB43118B292BB3FC00FE21BC /* README.md */ = {isa = PBXFileReference; fileEncoding = 4; lastKnownFileType = net.daringfireball.markdown; path = README.md; sourceTree = "<group>"; };
		AB43118D292BBC7700FE21BC /* RBTFQuestionsForProductView.swift */ = {isa = PBXFileReference; fileEncoding = 4; lastKnownFileType = sourcecode.swift; path = RBTFQuestionsForProductView.swift; sourceTree = "<group>"; };
		AB47A7A6294B44BD00867C33 /* RBTFPredictView.swift */ = {isa = PBXFileReference; lastKnownFileType = sourcecode.swift; path = RBTFPredictView.swift; sourceTree = "<group>"; };
		AB50EDC8294C84C6006A9150 /* RBTFInsightsAnnotateView.swift */ = {isa = PBXFileReference; lastKnownFileType = sourcecode.swift; path = RBTFInsightsAnnotateView.swift; sourceTree = "<group>"; };
		AB51F5852934B2BB0040BA82 /* RBTFQuestionsView.swift */ = {isa = PBXFileReference; lastKnownFileType = sourcecode.swift; path = RBTFQuestionsView.swift; sourceTree = "<group>"; };
		AB51F5872934B33D0040BA82 /* RBTFInsightsView.swift */ = {isa = PBXFileReference; lastKnownFileType = sourcecode.swift; path = RBTFInsightsView.swift; sourceTree = "<group>"; };
		AB51F58B2934B3A30040BA82 /* RBTFInsightsRandomView.swift */ = {isa = PBXFileReference; lastKnownFileType = sourcecode.swift; path = RBTFInsightsRandomView.swift; sourceTree = "<group>"; };
		AB51F58D2934B5650040BA82 /* RBTFInsights.swift */ = {isa = PBXFileReference; lastKnownFileType = sourcecode.swift; path = RBTFInsights.swift; sourceTree = "<group>"; };
		AB726558294740000032806D /* RBTFLogosSearchView.swift */ = {isa = PBXFileReference; lastKnownFileType = sourcecode.swift; path = RBTFLogosSearchView.swift; sourceTree = "<group>"; };
		AB7D8E39294B7917002A6D8B /* RBTFURLPredictTests.swift */ = {isa = PBXFileReference; lastKnownFileType = sourcecode.swift; path = RBTFURLPredictTests.swift; sourceTree = "<group>"; };
		AB7F490F2930C3E50021D14F /* RBTFQuestionsPopularView.swift */ = {isa = PBXFileReference; lastKnownFileType = sourcecode.swift; path = RBTFQuestionsPopularView.swift; sourceTree = "<group>"; };
		AB7F49132930C7680021D14F /* RBTFUnansweredQuestionsCount.swift */ = {isa = PBXFileReference; lastKnownFileType = sourcecode.swift; path = RBTFUnansweredQuestionsCount.swift; sourceTree = "<group>"; };
		AB7F49172930CAA20021D14F /* RBTFUnansweredQuestionsCountView.swift */ = {isa = PBXFileReference; lastKnownFileType = sourcecode.swift; path = RBTFUnansweredQuestionsCountView.swift; sourceTree = "<group>"; };
		ABA0CD67293F489400573601 /* RBTFInsightsDetailView.swift */ = {isa = PBXFileReference; lastKnownFileType = sourcecode.swift; path = RBTFInsightsDetailView.swift; sourceTree = "<group>"; };
		ABADF962294A3649000D3986 /* RBTFPredict.swift */ = {isa = PBXFileReference; lastKnownFileType = sourcecode.swift; path = RBTFPredict.swift; sourceTree = "<group>"; };
		ABAF496D2951C297002A8EF8 /* RBTFInsightsExtensions.swift */ = {isa = PBXFileReference; lastKnownFileType = sourcecode.swift; path = RBTFInsightsExtensions.swift; sourceTree = "<group>"; };
		ABAF496F2951C2BA002A8EF8 /* RBTFQuestionsExtensions.swift */ = {isa = PBXFileReference; lastKnownFileType = sourcecode.swift; path = RBTFQuestionsExtensions.swift; sourceTree = "<group>"; };
		ABDEFD8429324D05000F826A /* RBTFExtension.swift */ = {isa = PBXFileReference; lastKnownFileType = sourcecode.swift; path = RBTFExtension.swift; sourceTree = "<group>"; };
		ABEDA123292BCB270033193B /* InputView.swift */ = {isa = PBXFileReference; fileEncoding = 4; lastKnownFileType = sourcecode.swift; path = InputView.swift; sourceTree = "<group>"; };
		ABEDA124292BCB270033193B /* DictView.swift */ = {isa = PBXFileReference; fileEncoding = 4; lastKnownFileType = sourcecode.swift; path = DictView.swift; sourceTree = "<group>"; };
		ABEDA125292BCB270033193B /* ListView.swift */ = {isa = PBXFileReference; fileEncoding = 4; lastKnownFileType = sourcecode.swift; path = ListView.swift; sourceTree = "<group>"; };
		ABEDA126292BCB270033193B /* DictElementView.swift */ = {isa = PBXFileReference; fileEncoding = 4; lastKnownFileType = sourcecode.swift; path = DictElementView.swift; sourceTree = "<group>"; };
		ABEDA12C292BD1A80033193B /* RBTFURLQuestionsTests.swift */ = {isa = PBXFileReference; lastKnownFileType = sourcecode.swift; path = RBTFURLQuestionsTests.swift; sourceTree = "<group>"; };
		ABEDA133292BD2FA0033193B /* OFFRobotoffAPIsTests.xctest */ = {isa = PBXFileReference; explicitFileType = wrapper.cfbundle; includeInIndex = 0; path = OFFRobotoffAPIsTests.xctest; sourceTree = BUILT_PRODUCTS_DIR; };
		ABEDA13D292BDFDE0033193B /* RBTFURLInsightsTests.swift */ = {isa = PBXFileReference; lastKnownFileType = sourcecode.swift; path = RBTFURLInsightsTests.swift; sourceTree = "<group>"; };
		ABEDA13F292BE17A0033193B /* RBTFQuestionsRandomView.swift */ = {isa = PBXFileReference; lastKnownFileType = sourcecode.swift; name = RBTFQuestionsRandomView.swift; path = OFFRobotoffAPIs/Demo/RBTFQuestions/RBTFQuestionsRandomView.swift; sourceTree = SOURCE_ROOT; };
/* End PBXFileReference section */

/* Begin PBXFrameworksBuildPhase section */
		AB431166292A7F0600FE21BC /* Frameworks */ = {
			isa = PBXFrameworksBuildPhase;
			buildActionMask = 2147483647;
			files = (
				AB431191292BBCEF00FE21BC /* Collections in Frameworks */,
			);
			runOnlyForDeploymentPostprocessing = 0;
		};
		ABEDA130292BD2FA0033193B /* Frameworks */ = {
			isa = PBXFrameworksBuildPhase;
			buildActionMask = 2147483647;
			files = (
			);
			runOnlyForDeploymentPostprocessing = 0;
		};
/* End PBXFrameworksBuildPhase section */

/* Begin PBXGroup section */
		AB1D6BFC2943627300D36A78 /* RBTFLogos */ = {
			isa = PBXGroup;
			children = (
				AB1D6BF429434D1900D36A78 /* RBTFLogosView.swift */,
				AB1D6BFA2943626800D36A78 /* RBTFLogosFetchView.swift */,
				AB726558294740000032806D /* RBTFLogosSearchView.swift */,
			);
			path = RBTFLogos;
			sourceTree = "<group>";
		};
		AB431160292A7F0600FE21BC = {
			isa = PBXGroup;
			children = (
				AB43118B292BB3FC00FE21BC /* README.md */,
				AB43116B292A7F0600FE21BC /* OFFRobotoffAPIs */,
				ABEDA134292BD2FA0033193B /* OFFRobotoffAPIsTests */,
				AB43116A292A7F0600FE21BC /* Products */,
			);
			sourceTree = "<group>";
		};
		AB43116A292A7F0600FE21BC /* Products */ = {
			isa = PBXGroup;
			children = (
				AB431169292A7F0600FE21BC /* OFFRobotoffAPIs.app */,
				ABEDA133292BD2FA0033193B /* OFFRobotoffAPIsTests.xctest */,
			);
			name = Products;
			sourceTree = "<group>";
		};
		AB43116B292A7F0600FE21BC /* OFFRobotoffAPIs */ = {
			isa = PBXGroup;
			children = (
				AB43116C292A7F0600FE21BC /* OFFRobotoffAPIsApp.swift */,
				AB431187292A7F7000FE21BC /* Demo */,
				AB431188292A7F9600FE21BC /* Robotoff */,
				AB431170292A7F0800FE21BC /* Assets.xcassets */,
				AB431172292A7F0800FE21BC /* Preview Content */,
			);
			path = OFFRobotoffAPIs;
			sourceTree = "<group>";
		};
		AB431172292A7F0800FE21BC /* Preview Content */ = {
			isa = PBXGroup;
			children = (
				AB431173292A7F0800FE21BC /* Preview Assets.xcassets */,
			);
			path = "Preview Content";
			sourceTree = "<group>";
		};
		AB431186292A7F4E00FE21BC /* Required */ = {
			isa = PBXGroup;
			children = (
				AB43117A292A7F4400FE21BC /* AuthController.swift */,
				AB43117F292A7F4500FE21BC /* RBTF.swift */,
				AB43117E292A7F4500FE21BC /* HTTPLibrary.swift */,
				AB43117B292A7F4400FE21BC /* Decoding.swift */,
				AB43117D292A7F4500FE21BC /* OFFAdditions.swift */,
				AB43117C292A7F4500FE21BC /* OFFProductType.swift */,
			);
			path = Required;
			sourceTree = "<group>";
		};
		AB431187292A7F7000FE21BC /* Demo */ = {
			isa = PBXGroup;
			children = (
				AB43116E292A7F0600FE21BC /* RBTFView.swift */,
				AB47A7A6294B44BD00867C33 /* RBTFPredictView.swift */,
				AB1D6BF229434C6E00D36A78 /* RBTFImagesView.swift */,
				AB1D6BFC2943627300D36A78 /* RBTFLogos */,
				AB51F58F2934C1760040BA82 /* RBTFInsights */,
				AB51F58A2934B3660040BA82 /* RBTFQuestions */,
				ABEDA12B292BCB2C0033193B /* Generic */,
			);
			path = Demo;
			sourceTree = "<group>";
		};
		AB431188292A7F9600FE21BC /* Robotoff */ = {
			isa = PBXGroup;
			children = (
				AB51F58D2934B5650040BA82 /* RBTFInsights.swift */,
				ABAF496D2951C297002A8EF8 /* RBTFInsightsExtensions.swift */,
				AB1D6BF629434D8200D36A78 /* RBTFLogos.swift */,
				AB431189292A7FBB00FE21BC /* RBTFQuestions.swift */,
				ABAF496F2951C2BA002A8EF8 /* RBTFQuestionsExtensions.swift */,
				AB7F49132930C7680021D14F /* RBTFUnansweredQuestionsCount.swift */,
				ABADF962294A3649000D3986 /* RBTFPredict.swift */,
				ABDEFD8629324D4E000F826A /* Extensions */,
				AB431186292A7F4E00FE21BC /* Required */,
			);
			path = Robotoff;
			sourceTree = "<group>";
		};
		AB51F58A2934B3660040BA82 /* RBTFQuestions */ = {
			isa = PBXGroup;
			children = (
				AB51F5852934B2BB0040BA82 /* RBTFQuestionsView.swift */,
				ABEDA13F292BE17A0033193B /* RBTFQuestionsRandomView.swift */,
				AB7F490F2930C3E50021D14F /* RBTFQuestionsPopularView.swift */,
				AB43118D292BBC7700FE21BC /* RBTFQuestionsForProductView.swift */,
				AB7F49172930CAA20021D14F /* RBTFUnansweredQuestionsCountView.swift */,
			);
			path = RBTFQuestions;
			sourceTree = "<group>";
		};
		AB51F58F2934C1760040BA82 /* RBTFInsights */ = {
			isa = PBXGroup;
			children = (
				AB51F5872934B33D0040BA82 /* RBTFInsightsView.swift */,
				AB51F58B2934B3A30040BA82 /* RBTFInsightsRandomView.swift */,
				AB50EDC8294C84C6006A9150 /* RBTFInsightsAnnotateView.swift */,
				ABA0CD67293F489400573601 /* RBTFInsightsDetailView.swift */,
				AB0A8DA329374E4900D62489 /* RBTFInsightsBarcodeView.swift */,
			);
			path = RBTFInsights;
			sourceTree = "<group>";
		};
		ABDEFD8629324D4E000F826A /* Extensions */ = {
			isa = PBXGroup;
			children = (
				ABDEFD8429324D05000F826A /* RBTFExtension.swift */,
			);
			path = Extensions;
			sourceTree = "<group>";
		};
		ABEDA12B292BCB2C0033193B /* Generic */ = {
			isa = PBXGroup;
			children = (
				ABEDA126292BCB270033193B /* DictElementView.swift */,
				ABEDA124292BCB270033193B /* DictView.swift */,
				ABEDA123292BCB270033193B /* InputView.swift */,
				ABEDA125292BCB270033193B /* ListView.swift */,
			);
			path = Generic;
			sourceTree = "<group>";
		};
		ABEDA134292BD2FA0033193B /* OFFRobotoffAPIsTests */ = {
			isa = PBXGroup;
			children = (
				ABEDA13D292BDFDE0033193B /* RBTFURLInsightsTests.swift */,
				AB1D6BF829435E5B00D36A78 /* RBTFURLLogosTests.swift */,
				AB7D8E39294B7917002A6D8B /* RBTFURLPredictTests.swift */,
				ABEDA12C292BD1A80033193B /* RBTFURLQuestionsTests.swift */,
				AB0A8DA529379E7E00D62489 /* RBTFDecodingTests.swift */,
			);
			path = OFFRobotoffAPIsTests;
			sourceTree = "<group>";
		};
/* End PBXGroup section */

/* Begin PBXNativeTarget section */
		AB431168292A7F0600FE21BC /* OFFRobotoffAPIs */ = {
			isa = PBXNativeTarget;
			buildConfigurationList = AB431177292A7F0800FE21BC /* Build configuration list for PBXNativeTarget "OFFRobotoffAPIs" */;
			buildPhases = (
				AB431165292A7F0600FE21BC /* Sources */,
				AB431166292A7F0600FE21BC /* Frameworks */,
				AB431167292A7F0600FE21BC /* Resources */,
			);
			buildRules = (
			);
			dependencies = (
			);
			name = OFFRobotoffAPIs;
			packageProductDependencies = (
				AB431190292BBCEF00FE21BC /* Collections */,
			);
			productName = OFFRobotoffAPIs;
			productReference = AB431169292A7F0600FE21BC /* OFFRobotoffAPIs.app */;
			productType = "com.apple.product-type.application";
		};
		ABEDA132292BD2FA0033193B /* OFFRobotoffAPIsTests */ = {
			isa = PBXNativeTarget;
			buildConfigurationList = ABEDA139292BD2FA0033193B /* Build configuration list for PBXNativeTarget "OFFRobotoffAPIsTests" */;
			buildPhases = (
				ABEDA12F292BD2FA0033193B /* Sources */,
				ABEDA130292BD2FA0033193B /* Frameworks */,
				ABEDA131292BD2FA0033193B /* Resources */,
			);
			buildRules = (
			);
			dependencies = (
				ABEDA138292BD2FA0033193B /* PBXTargetDependency */,
			);
			name = OFFRobotoffAPIsTests;
			productName = OFFRobotoffAPIsTests;
			productReference = ABEDA133292BD2FA0033193B /* OFFRobotoffAPIsTests.xctest */;
			productType = "com.apple.product-type.bundle.unit-test";
		};
/* End PBXNativeTarget section */

/* Begin PBXProject section */
		AB431161292A7F0600FE21BC /* Project object */ = {
			isa = PBXProject;
			attributes = {
				BuildIndependentTargetsInParallel = 1;
				LastSwiftUpdateCheck = 1410;
				LastUpgradeCheck = 1410;
				TargetAttributes = {
					AB431168292A7F0600FE21BC = {
						CreatedOnToolsVersion = 14.1;
					};
					ABEDA132292BD2FA0033193B = {
						CreatedOnToolsVersion = 14.1;
						TestTargetID = AB431168292A7F0600FE21BC;
					};
				};
			};
			buildConfigurationList = AB431164292A7F0600FE21BC /* Build configuration list for PBXProject "OFFRobotoffAPIs" */;
			compatibilityVersion = "Xcode 14.0";
			developmentRegion = en;
			hasScannedForEncodings = 0;
			knownRegions = (
				en,
				Base,
			);
			mainGroup = AB431160292A7F0600FE21BC;
			packageReferences = (
				AB43118F292BBCEF00FE21BC /* XCRemoteSwiftPackageReference "swift-collections" */,
			);
			productRefGroup = AB43116A292A7F0600FE21BC /* Products */;
			projectDirPath = "";
			projectRoot = "";
			targets = (
				AB431168292A7F0600FE21BC /* OFFRobotoffAPIs */,
				ABEDA132292BD2FA0033193B /* OFFRobotoffAPIsTests */,
			);
		};
/* End PBXProject section */

/* Begin PBXResourcesBuildPhase section */
		AB431167292A7F0600FE21BC /* Resources */ = {
			isa = PBXResourcesBuildPhase;
			buildActionMask = 2147483647;
			files = (
				AB43118C292BB3FC00FE21BC /* README.md in Resources */,
				AB431174292A7F0800FE21BC /* Preview Assets.xcassets in Resources */,
				AB431171292A7F0800FE21BC /* Assets.xcassets in Resources */,
			);
			runOnlyForDeploymentPostprocessing = 0;
		};
		ABEDA131292BD2FA0033193B /* Resources */ = {
			isa = PBXResourcesBuildPhase;
			buildActionMask = 2147483647;
			files = (
			);
			runOnlyForDeploymentPostprocessing = 0;
		};
/* End PBXResourcesBuildPhase section */

/* Begin PBXSourcesBuildPhase section */
		AB431165292A7F0600FE21BC /* Sources */ = {
			isa = PBXSourcesBuildPhase;
			buildActionMask = 2147483647;
			files = (
				ABA0CD68293F489400573601 /* RBTFInsightsDetailView.swift in Sources */,
				AB7F49102930C3E50021D14F /* RBTFQuestionsPopularView.swift in Sources */,
				AB431183292A7F4500FE21BC /* OFFAdditions.swift in Sources */,
				ABADF963294A3649000D3986 /* RBTFPredict.swift in Sources */,
				AB47A7A7294B44BD00867C33 /* RBTFPredictView.swift in Sources */,
				ABAF49702951C2BA002A8EF8 /* RBTFQuestionsExtensions.swift in Sources */,
				AB0A8DA429374E4900D62489 /* RBTFInsightsBarcodeView.swift in Sources */,
				AB1D6BF729434D8200D36A78 /* RBTFLogos.swift in Sources */,
				AB51F5862934B2BB0040BA82 /* RBTFQuestionsView.swift in Sources */,
				AB431185292A7F4500FE21BC /* RBTF.swift in Sources */,
				AB51F58C2934B3A30040BA82 /* RBTFInsightsRandomView.swift in Sources */,
				ABEDA127292BCB270033193B /* InputView.swift in Sources */,
				AB51F58E2934B5650040BA82 /* RBTFInsights.swift in Sources */,
				AB431181292A7F4500FE21BC /* Decoding.swift in Sources */,
				AB7F49142930C7680021D14F /* RBTFUnansweredQuestionsCount.swift in Sources */,
				AB43116F292A7F0600FE21BC /* RBTFView.swift in Sources */,
				ABEDA12A292BCB270033193B /* DictElementView.swift in Sources */,
				AB431184292A7F4500FE21BC /* HTTPLibrary.swift in Sources */,
				AB431180292A7F4500FE21BC /* AuthController.swift in Sources */,
				AB43118A292A7FBB00FE21BC /* RBTFQuestions.swift in Sources */,
				ABEDA128292BCB270033193B /* DictView.swift in Sources */,
				AB1D6BFB2943626800D36A78 /* RBTFLogosFetchView.swift in Sources */,
				AB43118E292BBC7700FE21BC /* RBTFQuestionsForProductView.swift in Sources */,
				AB1D6BF329434C6E00D36A78 /* RBTFImagesView.swift in Sources */,
				AB1D6BF529434D1900D36A78 /* RBTFLogosView.swift in Sources */,
				AB431182292A7F4500FE21BC /* OFFProductType.swift in Sources */,
				AB726559294740000032806D /* RBTFLogosSearchView.swift in Sources */,
				AB7F49182930CAA20021D14F /* RBTFUnansweredQuestionsCountView.swift in Sources */,
				ABEDA141292BE25C0033193B /* RBTFQuestionsRandomView.swift in Sources */,
				ABAF496E2951C297002A8EF8 /* RBTFInsightsExtensions.swift in Sources */,
				AB51F5882934B33D0040BA82 /* RBTFInsightsView.swift in Sources */,
				AB50EDC9294C84C6006A9150 /* RBTFInsightsAnnotateView.swift in Sources */,
				ABEDA129292BCB270033193B /* ListView.swift in Sources */,
				AB43116D292A7F0600FE21BC /* OFFRobotoffAPIsApp.swift in Sources */,
				ABDEFD8529324D05000F826A /* RBTFExtension.swift in Sources */,
			);
			runOnlyForDeploymentPostprocessing = 0;
		};
		ABEDA12F292BD2FA0033193B /* Sources */ = {
			isa = PBXSourcesBuildPhase;
			buildActionMask = 2147483647;
			files = (
				ABEDA13E292BDFDE0033193B /* RBTFURLInsightsTests.swift in Sources */,
				ABEDA13C292BD3070033193B /* RBTFURLQuestionsTests.swift in Sources */,
				AB0A8DA629379E7E00D62489 /* RBTFDecodingTests.swift in Sources */,
				AB7D8E3A294B7917002A6D8B /* RBTFURLPredictTests.swift in Sources */,
				AB1D6BF929435E5B00D36A78 /* RBTFURLLogosTests.swift in Sources */,
			);
			runOnlyForDeploymentPostprocessing = 0;
		};
/* End PBXSourcesBuildPhase section */

/* Begin PBXTargetDependency section */
		ABEDA138292BD2FA0033193B /* PBXTargetDependency */ = {
			isa = PBXTargetDependency;
			target = AB431168292A7F0600FE21BC /* OFFRobotoffAPIs */;
			targetProxy = ABEDA137292BD2FA0033193B /* PBXContainerItemProxy */;
		};
/* End PBXTargetDependency section */

/* Begin XCBuildConfiguration section */
		AB431175292A7F0800FE21BC /* Debug */ = {
			isa = XCBuildConfiguration;
			buildSettings = {
				ALWAYS_SEARCH_USER_PATHS = NO;
				CLANG_ANALYZER_NONNULL = YES;
				CLANG_ANALYZER_NUMBER_OBJECT_CONVERSION = YES_AGGRESSIVE;
				CLANG_CXX_LANGUAGE_STANDARD = "gnu++20";
				CLANG_ENABLE_MODULES = YES;
				CLANG_ENABLE_OBJC_ARC = YES;
				CLANG_ENABLE_OBJC_WEAK = YES;
				CLANG_WARN_BLOCK_CAPTURE_AUTORELEASING = YES;
				CLANG_WARN_BOOL_CONVERSION = YES;
				CLANG_WARN_COMMA = YES;
				CLANG_WARN_CONSTANT_CONVERSION = YES;
				CLANG_WARN_DEPRECATED_OBJC_IMPLEMENTATIONS = YES;
				CLANG_WARN_DIRECT_OBJC_ISA_USAGE = YES_ERROR;
				CLANG_WARN_DOCUMENTATION_COMMENTS = YES;
				CLANG_WARN_EMPTY_BODY = YES;
				CLANG_WARN_ENUM_CONVERSION = YES;
				CLANG_WARN_INFINITE_RECURSION = YES;
				CLANG_WARN_INT_CONVERSION = YES;
				CLANG_WARN_NON_LITERAL_NULL_CONVERSION = YES;
				CLANG_WARN_OBJC_IMPLICIT_RETAIN_SELF = YES;
				CLANG_WARN_OBJC_LITERAL_CONVERSION = YES;
				CLANG_WARN_OBJC_ROOT_CLASS = YES_ERROR;
				CLANG_WARN_QUOTED_INCLUDE_IN_FRAMEWORK_HEADER = YES;
				CLANG_WARN_RANGE_LOOP_ANALYSIS = YES;
				CLANG_WARN_STRICT_PROTOTYPES = YES;
				CLANG_WARN_SUSPICIOUS_MOVE = YES;
				CLANG_WARN_UNGUARDED_AVAILABILITY = YES_AGGRESSIVE;
				CLANG_WARN_UNREACHABLE_CODE = YES;
				CLANG_WARN__DUPLICATE_METHOD_MATCH = YES;
				COPY_PHASE_STRIP = NO;
				DEBUG_INFORMATION_FORMAT = dwarf;
				ENABLE_STRICT_OBJC_MSGSEND = YES;
				ENABLE_TESTABILITY = YES;
				GCC_C_LANGUAGE_STANDARD = gnu11;
				GCC_DYNAMIC_NO_PIC = NO;
				GCC_NO_COMMON_BLOCKS = YES;
				GCC_OPTIMIZATION_LEVEL = 0;
				GCC_PREPROCESSOR_DEFINITIONS = (
					"DEBUG=1",
					"$(inherited)",
				);
				GCC_WARN_64_TO_32_BIT_CONVERSION = YES;
				GCC_WARN_ABOUT_RETURN_TYPE = YES_ERROR;
				GCC_WARN_UNDECLARED_SELECTOR = YES;
				GCC_WARN_UNINITIALIZED_AUTOS = YES_AGGRESSIVE;
				GCC_WARN_UNUSED_FUNCTION = YES;
				GCC_WARN_UNUSED_VARIABLE = YES;
				IPHONEOS_DEPLOYMENT_TARGET = 16.0;
				MTL_ENABLE_DEBUG_INFO = INCLUDE_SOURCE;
				MTL_FAST_MATH = YES;
				ONLY_ACTIVE_ARCH = YES;
				SDKROOT = iphoneos;
				SWIFT_ACTIVE_COMPILATION_CONDITIONS = DEBUG;
				SWIFT_OPTIMIZATION_LEVEL = "-Onone";
			};
			name = Debug;
		};
		AB431176292A7F0800FE21BC /* Release */ = {
			isa = XCBuildConfiguration;
			buildSettings = {
				ALWAYS_SEARCH_USER_PATHS = NO;
				CLANG_ANALYZER_NONNULL = YES;
				CLANG_ANALYZER_NUMBER_OBJECT_CONVERSION = YES_AGGRESSIVE;
				CLANG_CXX_LANGUAGE_STANDARD = "gnu++20";
				CLANG_ENABLE_MODULES = YES;
				CLANG_ENABLE_OBJC_ARC = YES;
				CLANG_ENABLE_OBJC_WEAK = YES;
				CLANG_WARN_BLOCK_CAPTURE_AUTORELEASING = YES;
				CLANG_WARN_BOOL_CONVERSION = YES;
				CLANG_WARN_COMMA = YES;
				CLANG_WARN_CONSTANT_CONVERSION = YES;
				CLANG_WARN_DEPRECATED_OBJC_IMPLEMENTATIONS = YES;
				CLANG_WARN_DIRECT_OBJC_ISA_USAGE = YES_ERROR;
				CLANG_WARN_DOCUMENTATION_COMMENTS = YES;
				CLANG_WARN_EMPTY_BODY = YES;
				CLANG_WARN_ENUM_CONVERSION = YES;
				CLANG_WARN_INFINITE_RECURSION = YES;
				CLANG_WARN_INT_CONVERSION = YES;
				CLANG_WARN_NON_LITERAL_NULL_CONVERSION = YES;
				CLANG_WARN_OBJC_IMPLICIT_RETAIN_SELF = YES;
				CLANG_WARN_OBJC_LITERAL_CONVERSION = YES;
				CLANG_WARN_OBJC_ROOT_CLASS = YES_ERROR;
				CLANG_WARN_QUOTED_INCLUDE_IN_FRAMEWORK_HEADER = YES;
				CLANG_WARN_RANGE_LOOP_ANALYSIS = YES;
				CLANG_WARN_STRICT_PROTOTYPES = YES;
				CLANG_WARN_SUSPICIOUS_MOVE = YES;
				CLANG_WARN_UNGUARDED_AVAILABILITY = YES_AGGRESSIVE;
				CLANG_WARN_UNREACHABLE_CODE = YES;
				CLANG_WARN__DUPLICATE_METHOD_MATCH = YES;
				COPY_PHASE_STRIP = NO;
				DEBUG_INFORMATION_FORMAT = "dwarf-with-dsym";
				ENABLE_NS_ASSERTIONS = NO;
				ENABLE_STRICT_OBJC_MSGSEND = YES;
				GCC_C_LANGUAGE_STANDARD = gnu11;
				GCC_NO_COMMON_BLOCKS = YES;
				GCC_WARN_64_TO_32_BIT_CONVERSION = YES;
				GCC_WARN_ABOUT_RETURN_TYPE = YES_ERROR;
				GCC_WARN_UNDECLARED_SELECTOR = YES;
				GCC_WARN_UNINITIALIZED_AUTOS = YES_AGGRESSIVE;
				GCC_WARN_UNUSED_FUNCTION = YES;
				GCC_WARN_UNUSED_VARIABLE = YES;
				IPHONEOS_DEPLOYMENT_TARGET = 16.0;
				MTL_ENABLE_DEBUG_INFO = NO;
				MTL_FAST_MATH = YES;
				SDKROOT = iphoneos;
				SWIFT_COMPILATION_MODE = wholemodule;
				SWIFT_OPTIMIZATION_LEVEL = "-O";
				VALIDATE_PRODUCT = YES;
			};
			name = Release;
		};
		AB431178292A7F0800FE21BC /* Debug */ = {
			isa = XCBuildConfiguration;
			buildSettings = {
				ASSETCATALOG_COMPILER_APPICON_NAME = AppIcon;
				ASSETCATALOG_COMPILER_GLOBAL_ACCENT_COLOR_NAME = AccentColor;
				CODE_SIGN_STYLE = Automatic;
				CURRENT_PROJECT_VERSION = 1;
				DEVELOPMENT_ASSET_PATHS = "\"OFFRobotoffAPIs/Preview Content\"";
				DEVELOPMENT_TEAM = Q4FXMVWJ7V;
				ENABLE_PREVIEWS = YES;
				GENERATE_INFOPLIST_FILE = YES;
				INFOPLIST_KEY_LSApplicationCategoryType = "public.app-category.utilities";
				INFOPLIST_KEY_UIApplicationSceneManifest_Generation = YES;
				INFOPLIST_KEY_UIApplicationSupportsIndirectInputEvents = YES;
				INFOPLIST_KEY_UILaunchScreen_Generation = YES;
				INFOPLIST_KEY_UISupportedInterfaceOrientations = "UIInterfaceOrientationLandscapeLeft UIInterfaceOrientationLandscapeRight UIInterfaceOrientationPortrait UIInterfaceOrientationPortraitUpsideDown";
				IPHONEOS_DEPLOYMENT_TARGET = 15.0;
				LD_RUNPATH_SEARCH_PATHS = (
					"$(inherited)",
					"@executable_path/Frameworks",
				);
				MARKETING_VERSION = 1.0;
				PRODUCT_BUNDLE_IDENTIFIER = com.sivas.hoveringabove.OFFRobotoffAPIs;
				PRODUCT_NAME = "$(TARGET_NAME)";
				SWIFT_EMIT_LOC_STRINGS = YES;
				SWIFT_VERSION = 5.0;
				TARGETED_DEVICE_FAMILY = "1,2";
			};
			name = Debug;
		};
		AB431179292A7F0800FE21BC /* Release */ = {
			isa = XCBuildConfiguration;
			buildSettings = {
				ASSETCATALOG_COMPILER_APPICON_NAME = AppIcon;
				ASSETCATALOG_COMPILER_GLOBAL_ACCENT_COLOR_NAME = AccentColor;
				CODE_SIGN_STYLE = Automatic;
				CURRENT_PROJECT_VERSION = 1;
				DEVELOPMENT_ASSET_PATHS = "\"OFFRobotoffAPIs/Preview Content\"";
				DEVELOPMENT_TEAM = Q4FXMVWJ7V;
				ENABLE_PREVIEWS = YES;
				GENERATE_INFOPLIST_FILE = YES;
				INFOPLIST_KEY_LSApplicationCategoryType = "public.app-category.utilities";
				INFOPLIST_KEY_UIApplicationSceneManifest_Generation = YES;
				INFOPLIST_KEY_UIApplicationSupportsIndirectInputEvents = YES;
				INFOPLIST_KEY_UILaunchScreen_Generation = YES;
				INFOPLIST_KEY_UISupportedInterfaceOrientations = "UIInterfaceOrientationLandscapeLeft UIInterfaceOrientationLandscapeRight UIInterfaceOrientationPortrait UIInterfaceOrientationPortraitUpsideDown";
				IPHONEOS_DEPLOYMENT_TARGET = 15.0;
				LD_RUNPATH_SEARCH_PATHS = (
					"$(inherited)",
					"@executable_path/Frameworks",
				);
				MARKETING_VERSION = 1.0;
				PRODUCT_BUNDLE_IDENTIFIER = com.sivas.hoveringabove.OFFRobotoffAPIs;
				PRODUCT_NAME = "$(TARGET_NAME)";
				SWIFT_EMIT_LOC_STRINGS = YES;
				SWIFT_VERSION = 5.0;
				TARGETED_DEVICE_FAMILY = "1,2";
			};
			name = Release;
		};
		ABEDA13A292BD2FA0033193B /* Debug */ = {
			isa = XCBuildConfiguration;
			buildSettings = {
				BUNDLE_LOADER = "$(TEST_HOST)";
				CODE_SIGN_STYLE = Automatic;
				CURRENT_PROJECT_VERSION = 1;
				DEVELOPMENT_TEAM = Q4FXMVWJ7V;
				GENERATE_INFOPLIST_FILE = YES;
				MARKETING_VERSION = 1.0;
				PRODUCT_BUNDLE_IDENTIFIER = com.sivas.hoveringabove.OFFRobotoffAPIsTests;
				PRODUCT_NAME = "$(TARGET_NAME)";
				SWIFT_EMIT_LOC_STRINGS = NO;
				SWIFT_VERSION = 5.0;
				TARGETED_DEVICE_FAMILY = "1,2";
				TEST_HOST = "$(BUILT_PRODUCTS_DIR)/OFFRobotoffAPIs.app/$(BUNDLE_EXECUTABLE_FOLDER_PATH)/OFFRobotoffAPIs";
			};
			name = Debug;
		};
		ABEDA13B292BD2FA0033193B /* Release */ = {
			isa = XCBuildConfiguration;
			buildSettings = {
				BUNDLE_LOADER = "$(TEST_HOST)";
				CODE_SIGN_STYLE = Automatic;
				CURRENT_PROJECT_VERSION = 1;
				DEVELOPMENT_TEAM = Q4FXMVWJ7V;
				GENERATE_INFOPLIST_FILE = YES;
				MARKETING_VERSION = 1.0;
				PRODUCT_BUNDLE_IDENTIFIER = com.sivas.hoveringabove.OFFRobotoffAPIsTests;
				PRODUCT_NAME = "$(TARGET_NAME)";
				SWIFT_EMIT_LOC_STRINGS = NO;
				SWIFT_VERSION = 5.0;
				TARGETED_DEVICE_FAMILY = "1,2";
				TEST_HOST = "$(BUILT_PRODUCTS_DIR)/OFFRobotoffAPIs.app/$(BUNDLE_EXECUTABLE_FOLDER_PATH)/OFFRobotoffAPIs";
			};
			name = Release;
		};
/* End XCBuildConfiguration section */

/* Begin XCConfigurationList section */
		AB431164292A7F0600FE21BC /* Build configuration list for PBXProject "OFFRobotoffAPIs" */ = {
			isa = XCConfigurationList;
			buildConfigurations = (
				AB431175292A7F0800FE21BC /* Debug */,
				AB431176292A7F0800FE21BC /* Release */,
			);
			defaultConfigurationIsVisible = 0;
			defaultConfigurationName = Release;
		};
		AB431177292A7F0800FE21BC /* Build configuration list for PBXNativeTarget "OFFRobotoffAPIs" */ = {
			isa = XCConfigurationList;
			buildConfigurations = (
				AB431178292A7F0800FE21BC /* Debug */,
				AB431179292A7F0800FE21BC /* Release */,
			);
			defaultConfigurationIsVisible = 0;
			defaultConfigurationName = Release;
		};
		ABEDA139292BD2FA0033193B /* Build configuration list for PBXNativeTarget "OFFRobotoffAPIsTests" */ = {
			isa = XCConfigurationList;
			buildConfigurations = (
				ABEDA13A292BD2FA0033193B /* Debug */,
				ABEDA13B292BD2FA0033193B /* Release */,
			);
			defaultConfigurationIsVisible = 0;
			defaultConfigurationName = Release;
		};
/* End XCConfigurationList section */

/* Begin XCRemoteSwiftPackageReference section */
		AB43118F292BBCEF00FE21BC /* XCRemoteSwiftPackageReference "swift-collections" */ = {
			isa = XCRemoteSwiftPackageReference;
			repositoryURL = "https://github.com/apple/swift-collections.git";
			requirement = {
				kind = upToNextMajorVersion;
				minimumVersion = 1.0.0;
			};
		};
/* End XCRemoteSwiftPackageReference section */

/* Begin XCSwiftPackageProductDependency section */
		AB431190292BBCEF00FE21BC /* Collections */ = {
			isa = XCSwiftPackageProductDependency;
			package = AB43118F292BBCEF00FE21BC /* XCRemoteSwiftPackageReference "swift-collections" */;
			productName = Collections;
		};
/* End XCSwiftPackageProductDependency section */
	};
	rootObject = AB431161292A7F0600FE21BC /* Project object */;
}
